{
  "version": 4,
  "terraform_version": "1.5.1",
  "serial": 55,
  "lineage": "93e20fc6-552a-cf11-ce43-28e8cb1035ad",
  "outputs": {},
  "resources": [
    {
      "mode": "managed",
      "type": "aws_iam_role",
      "name": "lambda_exec_role",
      "provider": "provider[\"registry.terraform.io/hashicorp/aws\"]",
      "instances": [
        {
          "schema_version": 0,
          "attributes": {
            "arn": "arn:aws:iam::287693577667:role/lambda-exec-role",
            "assume_role_policy": "{\"Statement\":[{\"Action\":\"sts:AssumeRole\",\"Effect\":\"Allow\",\"Principal\":{\"Service\":\"lambda.amazonaws.com\"},\"Sid\":\"\"}],\"Version\":\"2012-10-17\"}",
            "create_date": "2023-07-06T14:57:56Z",
            "description": "",
            "force_detach_policies": false,
            "id": "lambda-exec-role",
            "inline_policy": [],
            "managed_policy_arns": [
              "arn:aws:iam::aws:policy/AmazonS3FullAccess"
            ],
            "max_session_duration": 3600,
            "name": "lambda-exec-role",
            "name_prefix": "",
            "path": "/",
            "permissions_boundary": null,
            "tags": {},
            "tags_all": {},
            "unique_id": "AROAUF667TXB2AIYPJ5EO"
          },
          "sensitive_attributes": [],
          "private": "bnVsbA=="
        }
      ]
    },
    {
      "mode": "managed",
      "type": "aws_lambda_function",
      "name": "visitor_counter",
      "provider": "provider[\"registry.terraform.io/hashicorp/aws\"]",
      "instances": [
        {
          "schema_version": 0,
          "attributes": {
            "architectures": [
              "x86_64"
            ],
            "arn": "arn:aws:lambda:us-west-2:287693577667:function:visitor-counter",
            "code_signing_config_arn": "",
            "dead_letter_config": [],
            "description": "",
            "environment": [],
            "ephemeral_storage": [
              {
                "size": 512
              }
            ],
            "file_system_config": [],
            "filename": "/Users/efosaoviawe/desktop/projects/CV/resume/server.js.zip",
            "function_name": "visitor-counter",
            "handler": "server.handler",
            "id": "visitor-counter",
            "image_config": [],
            "image_uri": "",
            "invoke_arn": "arn:aws:apigateway:us-west-2:lambda:path/2015-03-31/functions/arn:aws:lambda:us-west-2:287693577667:function:visitor-counter/invocations",
            "kms_key_arn": "",
            "last_modified": "2023-07-06T16:18:14.038+0000",
            "layers": [],
            "memory_size": 128,
            "package_type": "Zip",
            "publish": false,
            "qualified_arn": "arn:aws:lambda:us-west-2:287693577667:function:visitor-counter:$LATEST",
            "qualified_invoke_arn": "arn:aws:apigateway:us-west-2:lambda:path/2015-03-31/functions/arn:aws:lambda:us-west-2:287693577667:function:visitor-counter:$LATEST/invocations",
            "replace_security_groups_on_destroy": null,
            "replacement_security_group_ids": null,
            "reserved_concurrent_executions": -1,
            "role": "arn:aws:iam::287693577667:role/lambda-exec-role",
            "runtime": "nodejs14.x",
            "s3_bucket": null,
            "s3_key": null,
            "s3_object_version": null,
            "signing_job_arn": "",
            "signing_profile_version_arn": "",
            "skip_destroy": false,
            "snap_start": [],
            "source_code_hash": "vTmfx8RHcwszR+ojK06KHGPQXDCCZtLi9mCKrjL5XjI=",
            "source_code_size": 469,
            "tags": {},
            "tags_all": {},
            "timeout": 3,
            "timeouts": null,
            "tracing_config": [
              {
                "mode": "PassThrough"
              }
            ],
            "version": "$LATEST",
            "vpc_config": []
          },
          "sensitive_attributes": [],
          "private": "eyJlMmJmYjczMC1lY2FhLTExZTYtOGY4OC0zNDM2M2JjN2M0YzAiOnsiY3JlYXRlIjo2MDAwMDAwMDAwMDAsImRlbGV0ZSI6NjAwMDAwMDAwMDAwLCJ1cGRhdGUiOjYwMDAwMDAwMDAwMH19",
          "dependencies": [
            "aws_iam_role.lambda_exec_role"
          ]
        }
      ]
    },
    {
      "mode": "managed",
      "type": "aws_s3_bucket",
      "name": "static_website",
      "provider": "provider[\"registry.terraform.io/hashicorp/aws\"]",
      "instances": [
        {
          "schema_version": 0,
          "attributes": {
            "acceleration_status": "",
            "acl": null,
            "arn": "arn:aws:s3:::myresume-bucket-007",
            "bucket": "myresume-bucket-007",
            "bucket_domain_name": "myresume-bucket-007.s3.amazonaws.com",
            "bucket_prefix": "",
            "bucket_regional_domain_name": "myresume-bucket-007.s3.us-west-2.amazonaws.com",
            "cors_rule": [],
            "force_destroy": false,
            "grant": [
              {
                "id": "142ff93db3f03da0f4acf7cf5c3c1a5e60eb2561ea0a045e596c80695cf4e2ce",
                "permissions": [
                  "FULL_CONTROL"
                ],
                "type": "CanonicalUser",
                "uri": ""
              }
            ],
            "hosted_zone_id": "Z3BJ6K6RIION7M",
            "id": "myresume-bucket-007",
            "lifecycle_rule": [],
            "logging": [],
            "object_lock_configuration": [
              {
                "object_lock_enabled": "Enabled",
                "rule": [
                  {
                    "default_retention": [
                      {
                        "days": 30,
                        "mode": "COMPLIANCE",
                        "years": 0
                      }
                    ]
                  }
                ]
              }
            ],
            "object_lock_enabled": true,
            "policy": "",
            "region": "us-west-2",
            "replication_configuration": [],
            "request_payer": "BucketOwner",
            "server_side_encryption_configuration": [
              {
                "rule": [
                  {
                    "apply_server_side_encryption_by_default": [
                      {
                        "kms_master_key_id": "",
                        "sse_algorithm": "AES256"
                      }
                    ],
                    "bucket_key_enabled": false
                  }
                ]
              }
            ],
            "tags": {},
            "tags_all": {},
            "timeouts": null,
            "versioning": [
              {
                "enabled": true,
                "mfa_delete": false
              }
            ],
            "website": [
              {
                "error_document": "error.html",
                "index_document": "index.html",
                "redirect_all_requests_to": "",
                "routing_rules": ""
              }
            ],
            "website_domain": "s3-website-us-west-2.amazonaws.com",
            "website_endpoint": "myresume-bucket-007.s3-website-us-west-2.amazonaws.com"
          },
          "sensitive_attributes": [],
          "private": "eyJlMmJmYjczMC1lY2FhLTExZTYtOGY4OC0zNDM2M2JjN2M0YzAiOnsiY3JlYXRlIjoxMjAwMDAwMDAwMDAwLCJkZWxldGUiOjM2MDAwMDAwMDAwMDAsInJlYWQiOjEyMDAwMDAwMDAwMDAsInVwZGF0ZSI6MTIwMDAwMDAwMDAwMH19"
        }
      ]
    },
    {
      "mode": "managed",
      "type": "aws_s3_bucket_object",
      "name": "website_files",
      "provider": "provider[\"registry.terraform.io/hashicorp/aws\"]",
      "instances": [
        {
          "schema_version": 0,
          "attributes": {
            "acl": "private",
            "bucket": "myresume-bucket-007",
            "bucket_key_enabled": false,
            "cache_control": "",
            "content": null,
            "content_base64": null,
            "content_disposition": "",
            "content_encoding": "",
            "content_language": "",
            "content_type": "text/html",
            "etag": "43c3f7bffe65998c83dcf1005210f522",
            "force_destroy": false,
            "id": "index.html",
            "key": "index.html",
            "kms_key_id": null,
            "metadata": {},
            "object_lock_legal_hold_status": "",
            "object_lock_mode": "",
            "object_lock_retain_until_date": "",
            "server_side_encryption": "AES256",
            "source": "/Users/efosaoviawe/desktop/projects/CV/resume/index.html",
            "source_hash": null,
            "storage_class": "STANDARD",
            "tags": {},
            "tags_all": {},
            "version_id": "wxMr9e8Dr1BnUBhNqgde1FaVUk_f.sak",
            "website_redirect": ""
          },
          "sensitive_attributes": [],
          "private": "bnVsbA==",
          "dependencies": [
            "aws_s3_bucket.static_website"
          ]
        }
      ]
    }
  ],
  "check_results": null
}
